// !$*UTF8*$!
{
	archiveVersion = 1;
	classes = {
	};
	objectVersion = 46;
	objects = {

/* Begin PBXBuildFile section */
		13DA1D331A5538B000BFD6E4 /* main.m in Sources */ = {isa = PBXBuildFile; fileRef = 13DA1D321A5538B000BFD6E4 /* main.m */; };
		13DA1D361A5538B000BFD6E4 /* AppDelegate.m in Sources */ = {isa = PBXBuildFile; fileRef = 13DA1D351A5538B000BFD6E4 /* AppDelegate.m */; };
		13DA1D391A5538B000BFD6E4 /* ViewController.m in Sources */ = {isa = PBXBuildFile; fileRef = 13DA1D381A5538B000BFD6E4 /* ViewController.m */; };
		13DA1D3C1A5538B000BFD6E4 /* Main.storyboard in Resources */ = {isa = PBXBuildFile; fileRef = 13DA1D3A1A5538B000BFD6E4 /* Main.storyboard */; };
		13DA1D3E1A5538B000BFD6E4 /* Images.xcassets in Resources */ = {isa = PBXBuildFile; fileRef = 13DA1D3D1A5538B000BFD6E4 /* Images.xcassets */; };
		13DA1D411A5538B000BFD6E4 /* LaunchScreen.xib in Resources */ = {isa = PBXBuildFile; fileRef = 13DA1D3F1A5538B000BFD6E4 /* LaunchScreen.xib */; };
		13DA1D4D1A5538B100BFD6E4 /* UmerAsadTests.m in Sources */ = {isa = PBXBuildFile; fileRef = 13DA1D4C1A5538B100BFD6E4 /* UmerAsadTests.m */; };
/* End PBXBuildFile section */

/* Begin PBXContainerItemProxy section */
		13DA1D471A5538B100BFD6E4 /* PBXContainerItemProxy */ = {
			isa = PBXContainerItemProxy;
			containerPortal = 13DA1D251A5538B000BFD6E4 /* Project object */;
			proxyType = 1;
			remoteGlobalIDString = 13DA1D2C1A5538B000BFD6E4;
			remoteInfo = UmerAsad;
		};
/* End PBXContainerItemProxy section */

/* Begin PBXFileReference section */
		13DA1D2D1A5538B000BFD6E4 /* UmerAsad.app */ = {isa = PBXFileReference; explicitFileType = wrapper.application; includeInIndex = 0; path = UmerAsad.app; sourceTree = BUILT_PRODUCTS_DIR; };
		13DA1D311A5538B000BFD6E4 /* Info.plist */ = {isa = PBXFileReference; lastKnownFileType = text.plist.xml; path = Info.plist; sourceTree = "<group>"; };
		13DA1D321A5538B000BFD6E4 /* main.m */ = {isa = PBXFileReference; lastKnownFileType = sourcecode.c.objc; path = main.m; sourceTree = "<group>"; };
		13DA1D341A5538B000BFD6E4 /* AppDelegate.h */ = {isa = PBXFileReference; lastKnownFileType = sourcecode.c.h; path = AppDelegate.h; sourceTree = "<group>"; };
		13DA1D351A5538B000BFD6E4 /* AppDelegate.m */ = {isa = PBXFileReference; lastKnownFileType = sourcecode.c.objc; path = AppDelegate.m; sourceTree = "<group>"; };
		13DA1D371A5538B000BFD6E4 /* ViewController.h */ = {isa = PBXFileReference; lastKnownFileType = sourcecode.c.h; path = ViewController.h; sourceTree = "<group>"; };
		13DA1D381A5538B000BFD6E4 /* ViewController.m */ = {isa = PBXFileReference; lastKnownFileType = sourcecode.c.objc; path = ViewController.m; sourceTree = "<group>"; };
		13DA1D3B1A5538B000BFD6E4 /* Base */ = {isa = PBXFileReference; lastKnownFileType = file.storyboard; name = Base; path = Base.lproj/Main.storyboard; sourceTree = "<group>"; };
		13DA1D3D1A5538B000BFD6E4 /* Images.xcassets */ = {isa = PBXFileReference; lastKnownFileType = folder.assetcatalog; path = Images.xcassets; sourceTree = "<group>"; };
		13DA1D401A5538B000BFD6E4 /* Base */ = {isa = PBXFileReference; lastKnownFileType = file.xib; name = Base; path = Base.lproj/LaunchScreen.xib; sourceTree = "<group>"; };
		13DA1D461A5538B100BFD6E4 /* UmerAsadTests.xctest */ = {isa = PBXFileReference; explicitFileType = wrapper.cfbundle; includeInIndex = 0; path = UmerAsadTests.xctest; sourceTree = BUILT_PRODUCTS_DIR; };
		13DA1D4B1A5538B100BFD6E4 /* Info.plist */ = {isa = PBXFileReference; lastKnownFileType = text.plist.xml; path = Info.plist; sourceTree = "<group>"; };
		13DA1D4C1A5538B100BFD6E4 /* UmerAsadTests.m */ = {isa = PBXFileReference; lastKnownFileType = sourcecode.c.objc; path = UmerAsadTests.m; sourceTree = "<group>"; };
/* End PBXFileReference section */

/* Begin PBXFrameworksBuildPhase section */
		13DA1D2A1A5538B000BFD6E4 /* Frameworks */ = {
			isa = PBXFrameworksBuildPhase;
			buildActionMask = 2147483647;
			files = (
			);
			runOnlyForDeploymentPostprocessing = 0;
		};
		13DA1D431A5538B100BFD6E4 /* Frameworks */ = {
			isa = PBXFrameworksBuildPhase;
			buildActionMask = 2147483647;
			files = (
			);
			runOnlyForDeploymentPostprocessing = 0;
		};
/* End PBXFrameworksBuildPhase section */

/* Begin PBXGroup section */
		13DA1D241A5538B000BFD6E4 = {
			isa = PBXGroup;
			children = (
				13DA1D2F1A5538B000BFD6E4 /* UmerAsad */,
				13DA1D491A5538B100BFD6E4 /* UmerAsadTests */,
				13DA1D2E1A5538B000BFD6E4 /* Products */,
			);
			sourceTree = "<group>";
		};
		13DA1D2E1A5538B000BFD6E4 /* Products */ = {
			isa = PBXGroup;
			children = (
				13DA1D2D1A5538B000BFD6E4 /* UmerAsad.app */,
				13DA1D461A5538B100BFD6E4 /* UmerAsadTests.xctest */,
			);
			name = Products;
			sourceTree = "<group>";
		};
		13DA1D2F1A5538B000BFD6E4 /* UmerAsad */ = {
			isa = PBXGroup;
			children = (
				13DA1D341A5538B000BFD6E4 /* AppDelegate.h */,
				13DA1D351A5538B000BFD6E4 /* AppDelegate.m */,
				13DA1D371A5538B000BFD6E4 /* ViewController.h */,
				13DA1D381A5538B000BFD6E4 /* ViewController.m */,
				13DA1D3A1A5538B000BFD6E4 /* Main.storyboard */,
				13DA1D3D1A5538B000BFD6E4 /* Images.xcassets */,
				13DA1D3F1A5538B000BFD6E4 /* LaunchScreen.xib */,
				13DA1D301A5538B000BFD6E4 /* Supporting Files */,
			);
			path = UmerAsad;
			sourceTree = "<group>";
		};
		13DA1D301A5538B000BFD6E4 /* Supporting Files */ = {
			isa = PBXGroup;
			children = (
				13DA1D311A5538B000BFD6E4 /* Info.plist */,
				13DA1D321A5538B000BFD6E4 /* main.m */,
			);
			name = "Supporting Files";
			sourceTree = "<group>";
		};
		13DA1D491A5538B100BFD6E4 /* UmerAsadTests */ = {
			isa = PBXGroup;
			children = (
				13DA1D4C1A5538B100BFD6E4 /* UmerAsadTests.m */,
				13DA1D4A1A5538B100BFD6E4 /* Supporting Files */,
			);
			path = UmerAsadTests;
			sourceTree = "<group>";
		};
		13DA1D4A1A5538B100BFD6E4 /* Supporting Files */ = {
			isa = PBXGroup;
			children = (
				13DA1D4B1A5538B100BFD6E4 /* Info.plist */,
			);
			name = "Supporting Files";
			sourceTree = "<group>";
		};
/* End PBXGroup section */

/* Begin PBXNativeTarget section */
		13DA1D2C1A5538B000BFD6E4 /* UmerAsad */ = {
			isa = PBXNativeTarget;
			buildConfigurationList = 13DA1D501A5538B100BFD6E4 /* Build configuration list for PBXNativeTarget "UmerAsad" */;
			buildPhases = (
				13DA1D291A5538B000BFD6E4 /* Sources */,
				13DA1D2A1A5538B000BFD6E4 /* Frameworks */,
				13DA1D2B1A5538B000BFD6E4 /* Resources */,
			);
			buildRules = (
			);
			dependencies = (
			);
			name = UmerAsad;
			productName = UmerAsad;
			productReference = 13DA1D2D1A5538B000BFD6E4 /* UmerAsad.app */;
			productType = "com.apple.product-type.application";
		};
		13DA1D451A5538B100BFD6E4 /* UmerAsadTests */ = {
			isa = PBXNativeTarget;
			buildConfigurationList = 13DA1D531A5538B100BFD6E4 /* Build configuration list for PBXNativeTarget "UmerAsadTests" */;
			buildPhases = (
				13DA1D421A5538B100BFD6E4 /* Sources */,
				13DA1D431A5538B100BFD6E4 /* Frameworks */,
				13DA1D441A5538B100BFD6E4 /* Resources */,
			);
			buildRules = (
			);
			dependencies = (
				13DA1D481A5538B100BFD6E4 /* PBXTargetDependency */,
			);
			name = UmerAsadTests;
			productName = UmerAsadTests;
			productReference = 13DA1D461A5538B100BFD6E4 /* UmerAsadTests.xctest */;
			productType = "com.apple.product-type.bundle.unit-test";
		};
/* End PBXNativeTarget section */

/* Begin PBXProject section */
		13DA1D251A5538B000BFD6E4 /* Project object */ = {
			isa = PBXProject;
			attributes = {
				LastUpgradeCheck = 0610;
				ORGANIZATIONNAME = Globridgetech;
				TargetAttributes = {
					13DA1D2C1A5538B000BFD6E4 = {
						CreatedOnToolsVersion = 6.1;
					};
					13DA1D451A5538B100BFD6E4 = {
						CreatedOnToolsVersion = 6.1;
						TestTargetID = 13DA1D2C1A5538B000BFD6E4;
					};
				};
			};
			buildConfigurationList = 13DA1D281A5538B000BFD6E4 /* Build configuration list for PBXProject "UmerAsad" */;
			compatibilityVersion = "Xcode 3.2";
			developmentRegion = English;
			hasScannedForEncodings = 0;
			knownRegions = (
				en,
				Base,
			);
			mainGroup = 13DA1D241A5538B000BFD6E4;
			productRefGroup = 13DA1D2E1A5538B000BFD6E4 /* Products */;
			projectDirPath = "";
			projectRoot = "";
			targets = (
				13DA1D2C1A5538B000BFD6E4 /* UmerAsad */,
				13DA1D451A5538B100BFD6E4 /* UmerAsadTests */,
			);
		};
/* End PBXProject section */

/* Begin PBXResourcesBuildPhase section */
		13DA1D2B1A5538B000BFD6E4 /* Resources */ = {
			isa = PBXResourcesBuildPhase;
			buildActionMask = 2147483647;
			files = (
				13DA1D3C1A5538B000BFD6E4 /* Main.storyboard in Resources */,
				13DA1D411A5538B000BFD6E4 /* LaunchScreen.xib in Resources */,
				13DA1D3E1A5538B000BFD6E4 /* Images.xcassets in Resources */,
			);
			runOnlyForDeploymentPostprocessing = 0;
		};
		13DA1D441A5538B100BFD6E4 /* Resources */ = {
			isa = PBXResourcesBuildPhase;
			buildActionMask = 2147483647;
			files = (
			);
			runOnlyForDeploymentPostprocessing = 0;
		};
/* End PBXResourcesBuildPhase section */

/* Begin PBXSourcesBuildPhase section */
		13DA1D291A5538B000BFD6E4 /* Sources */ = {
			isa = PBXSourcesBuildPhase;
			buildActionMask = 2147483647;
			files = (
				13DA1D391A5538B000BFD6E4 /* ViewController.m in Sources */,
				13DA1D361A5538B000BFD6E4 /* AppDelegate.m in Sources */,
				13DA1D331A5538B000BFD6E4 /* main.m in Sources */,
			);
			runOnlyForDeploymentPostprocessing = 0;
		};
		13DA1D421A5538B100BFD6E4 /* Sources */ = {
			isa = PBXSourcesBuildPhase;
			buildActionMask = 2147483647;
			files = (
				13DA1D4D1A5538B100BFD6E4 /* UmerAsadTests.m in Sources */,
			);
			runOnlyForDeploymentPostprocessing = 0;
		};
/* End PBXSourcesBuildPhase section */

/* Begin PBXTargetDependency section */
		13DA1D481A5538B100BFD6E4 /* PBXTargetDependency */ = {
			isa = PBXTargetDependency;
			target = 13DA1D2C1A5538B000BFD6E4 /* UmerAsad */;
			targetProxy = 13DA1D471A5538B100BFD6E4 /* PBXContainerItemProxy */;
		};
/* End PBXTargetDependency section */

/* Begin PBXVariantGroup section */
		13DA1D3A1A5538B000BFD6E4 /* Main.storyboard */ = {
			isa = PBXVariantGroup;
			children = (
				13DA1D3B1A5538B000BFD6E4 /* Base */,
			);
			name = Main.storyboard;
			sourceTree = "<group>";
		};
		13DA1D3F1A5538B000BFD6E4 /* LaunchScreen.xib */ = {
			isa = PBXVariantGroup;
			children = (
				13DA1D401A5538B000BFD6E4 /* Base */,
			);
			name = LaunchScreen.xib;
			sourceTree = "<group>";
		};
/* End PBXVariantGroup section */

/* Begin XCBuildConfiguration section */
		13DA1D4E1A5538B100BFD6E4 /* Debug */ = {
			isa = XCBuildConfiguration;
			buildSettings = {
				ALWAYS_SEARCH_USER_PATHS = NO;
				CLANG_CXX_LANGUAGE_STANDARD = "gnu++0x";
				CLANG_CXX_LIBRARY = "libc++";
				CLANG_ENABLE_MODULES = YES;
				CLANG_ENABLE_OBJC_ARC = YES;
				CLANG_WARN_BOOL_CONVERSION = YES;
				CLANG_WARN_CONSTANT_CONVERSION = YES;
				CLANG_WARN_DIRECT_OBJC_ISA_USAGE = YES_ERROR;
				CLANG_WARN_EMPTY_BODY = YES;
				CLANG_WARN_ENUM_CONVERSION = YES;
				CLANG_WARN_INT_CONVERSION = YES;
				CLANG_WARN_OBJC_ROOT_CLASS = YES_ERROR;
				CLANG_WARN_UNREACHABLE_CODE = YES;
				CLANG_WARN__DUPLICATE_METHOD_MATCH = YES;
				"CODE_SIGN_IDENTITY[sdk=iphoneos*]" = "iPhone Developer";
				COPY_PHASE_STRIP = NO;
				ENABLE_STRICT_OBJC_MSGSEND = YES;
				GCC_C_LANGUAGE_STANDARD = gnu99;
				GCC_DYNAMIC_NO_PIC = NO;
				GCC_OPTIMIZATION_LEVEL = 0;
				GCC_PREPROCESSOR_DEFINITIONS = (
					"DEBUG=1",
					"$(inherited)",
				);
				GCC_SYMBOLS_PRIVATE_EXTERN = NO;
				GCC_WARN_64_TO_32_BIT_CONVERSION = YES;
				GCC_WARN_ABOUT_RETURN_TYPE = YES_ERROR;
				GCC_WARN_UNDECLARED_SELECTOR = YES;
				GCC_WARN_UNINITIALIZED_AUTOS = YES_AGGRESSIVE;
				GCC_WARN_UNUSED_FUNCTION = YES;
				GCC_WARN_UNUSED_VARIABLE = YES;
				IPHONEOS_DEPLOYMENT_TARGET = 8.1;
				MTL_ENABLE_DEBUG_INFO = YES;
				ONLY_ACTIVE_ARCH = YES;
				SDKROOT = iphoneos;
				TARGETED_DEVICE_FAMILY = "1,2";
			};
			name = Debug;
		};
		13DA1D4F1A5538B100BFD6E4 /* Release */ = {
			isa = XCBuildConfiguration;
			buildSettings = {
				ALWAYS_SEARCH_USER_PATHS = NO;
				CLANG_CXX_LANGUAGE_STANDARD = "gnu++0x";
				CLANG_CXX_LIBRARY = "libc++";
				CLANG_ENABLE_MODULES = YES;
				CLANG_ENABLE_OBJC_ARC = YES;
				CLANG_WARN_BOOL_CONVERSION = YES;
				CLANG_WARN_CONSTANT_CONVERSION = YES;
				CLANG_WARN_DIRECT_OBJC_ISA_USAGE = YES_ERROR;
				CLANG_WARN_EMPTY_BODY = YES;
				CLANG_WARN_ENUM_CONVERSION = YES;
				CLANG_WARN_INT_CONVERSION = YES;
				CLANG_WARN_OBJC_ROOT_CLASS = YES_ERROR;
				CLANG_WARN_UNREACHABLE_CODE = YES;
				CLANG_WARN__DUPLICATE_METHOD_MATCH = YES;
				"CODE_SIGN_IDENTITY[sdk=iphoneos*]" = "iPhone Developer";
				COPY_PHASE_STRIP = YES;
				ENABLE_NS_ASSERTIONS = NO;
				ENABLE_STRICT_OBJC_MSGSEND = YES;
				GCC_C_LANGUAGE_STANDARD = gnu99;
				GCC_WARN_64_TO_32_BIT_CONVERSION = YES;
				GCC_WARN_ABOUT_RETURN_TYPE = YES_ERROR;
				GCC_WARN_UNDECLARED_SELECTOR = YES;
				GCC_WARN_UNINITIALIZED_AUTOS = YES_AGGRESSIVE;
				GCC_WARN_UNUSED_FUNCTION = YES;
				GCC_WARN_UNUSED_VARIABLE = YES;
				IPHONEOS_DEPLOYMENT_TARGET = 8.1;
				MTL_ENABLE_DEBUG_INFO = NO;
				SDKROOT = iphoneos;
				TARGETED_DEVICE_FAMILY = "1,2";
				VALIDATE_PRODUCT = YES;
			};
			name = Release;
		};
		13DA1D511A5538B100BFD6E4 /* Debug */ = {
			isa = XCBuildConfiguration;
			buildSettings = {
				ASSETCATALOG_COMPILER_APPICON_NAME = AppIcon;
				INFOPLIST_FILE = UmerAsad/Info.plist;
				LD_RUNPATH_SEARCH_PATHS = "$(inherited) @executable_path/Frameworks";
				PRODUCT_NAME = "$(TARGET_NAME)";
			};
			name = Debug;
		};
		13DA1D521A5538B100BFD6E4 /* Release */ = {
			isa = XCBuildConfiguration;
			buildSettings = {
				ASSETCATALOG_COMPILER_APPICON_NAME = AppIcon;
				INFOPLIST_FILE = UmerAsad/Info.plist;
				LD_RUNPATH_SEARCH_PATHS = "$(inherited) @executable_path/Frameworks";
				PRODUCT_NAME = "$(TARGET_NAME)";
			};
			name = Release;
		};
		13DA1D541A5538B100BFD6E4 /* Debug */ = {
			isa = XCBuildConfiguration;
			buildSettings = {
				BUNDLE_LOADER = "$(TEST_HOST)";
				FRAMEWORK_SEARCH_PATHS = (
					"$(SDKROOT)/Developer/Library/Frameworks",
					"$(inherited)",
				);
				GCC_PREPROCESSOR_DEFINITIONS = (
					"DEBUG=1",
					"$(inherited)",
				);
				INFOPLIST_FILE = UmerAsadTests/Info.plist;
				LD_RUNPATH_SEARCH_PATHS = "$(inherited) @executable_path/Frameworks @loader_path/Frameworks";
				PRODUCT_NAME = "$(TARGET_NAME)";
				TEST_HOST = "$(BUILT_PRODUCTS_DIR)/UmerAsad.app/UmerAsad";
			};
			name = Debug;
		};
		13DA1D551A5538B100BFD6E4 /* Release */ = {
			isa = XCBuildConfiguration;
			buildSettings = {
				BUNDLE_LOADER = "$(TEST_HOST)";
				FRAMEWORK_SEARCH_PATHS = (
					"$(SDKROOT)/Developer/Library/Frameworks",
					"$(inherited)",
				);
				INFOPLIST_FILE = UmerAsadTests/Info.plist;
				LD_RUNPATH_SEARCH_PATHS = "$(inherited) @executable_path/Frameworks @loader_path/Frameworks";
				PRODUCT_NAME = "$(TARGET_NAME)";
				TEST_HOST = "$(BUILT_PRODUCTS_DIR)/UmerAsad.app/UmerAsad";
			};
			name = Release;
		};
/* End XCBuildConfiguration section */

/* Begin XCConfigurationList section */
		13DA1D281A5538B000BFD6E4 /* Build configuration list for PBXProject "UmerAsad" */ = {
			isa = XCConfigurationList;
			buildConfigurations = (
				13DA1D4E1A5538B100BFD6E4 /* Debug */,
				13DA1D4F1A5538B100BFD6E4 /* Release */,
			);
			defaultConfigurationIsVisible = 0;
			defaultConfigurationName = Release;
		};
		13DA1D501A5538B100BFD6E4 /* Build configuration list for PBXNativeTarget "UmerAsad" */ = {
			isa = XCConfigurationList;
			buildConfigurations = (
				13DA1D511A5538B100BFD6E4 /* Debug */,
				13DA1D521A5538B100BFD6E4 /* Release */,
			);
			defaultConfigurationIsVisible = 0;
		};
		13DA1D531A5538B100BFD6E4 /* Build configuration list for PBXNativeTarget "UmerAsadTests" */ = {
			isa = XCConfigurationList;
			buildConfigurations = (
				13DA1D541A5538B100BFD6E4 /* Debug */,
				13DA1D551A5538B100BFD6E4 /* Release */,
			);
			defaultConfigurationIsVisible = 0;
		};
/* End XCConfigurationList section */
	};
	rootObject = 13DA1D251A5538B000BFD6E4 /* Project object */;
}
